<?xml version="1.0" encoding="utf-8"?>
<Project ToolsVersion="4.0" xmlns="http://schemas.microsoft.com/developer/msbuild/2003">
  <ItemGroup>
    <Filter Include="소스 파일">
      <UniqueIdentifier>{4FC737F1-C7A5-4376-A066-2A32D752A2FF}</UniqueIdentifier>
      <Extensions>cpp;c;cc;cxx;c++;cppm;ixx;def;odl;idl;hpj;bat;asm;asmx</Extensions>
    </Filter>
    <Filter Include="헤더 파일">
      <UniqueIdentifier>{93995380-89BD-4b04-88EB-625FBE52EBFB}</UniqueIdentifier>
      <Extensions>h;hh;hpp;hxx;h++;hm;inl;inc;ipp;xsd</Extensions>
    </Filter>
    <Filter Include="리소스 파일">
      <UniqueIdentifier>{67DA6AB6-F800-4c08-8B7A-83BB121AAD01}</UniqueIdentifier>
      <Extensions>rc;ico;cur;bmp;dlg;rc2;rct;bin;rgs;gif;jpg;jpeg;jpe;resx;tiff;tif;png;wav;mfcribbon-ms</Extensions>
    </Filter>
  </ItemGroup>
  <ItemGroup>
    <ClCompile Include="Graph_DFS_BFS.c">
      <Filter>소스 파일</Filter>
    </ClCompile>
    <ClCompile Include="Baekjoon18870.c">
      <Filter>소스 파일</Filter>
    </ClCompile>
    <ClCompile Include="Baekjoon17478.c">
      <Filter>소스 파일</Filter>
    </ClCompile>
    <ClCompile Include="Baekjoon15652.c">
      <Filter>소스 파일</Filter>
    </ClCompile>
    <ClCompile Include="Baekjoon14889_2.c">
      <Filter>소스 파일</Filter>
    </ClCompile>
    <ClCompile Include="Baekjoon14889_1.c">
      <Filter>소스 파일</Filter>
    </ClCompile>
    <ClCompile Include="Baekjoon14889.c">
      <Filter>소스 파일</Filter>
    </ClCompile>
    <ClCompile Include="Baekjoon14888.c">
      <Filter>소스 파일</Filter>
    </ClCompile>
    <ClCompile Include="Baekjoon11651.c">
      <Filter>소스 파일</Filter>
    </ClCompile>
    <ClCompile Include="Baekjoon11650.c">
      <Filter>소스 파일</Filter>
    </ClCompile>
    <ClCompile Include="Baekjoon10989_CountingSort.c">
      <Filter>소스 파일</Filter>
    </ClCompile>
    <ClCompile Include="Baekjoon10814_3_QuickSort.c">
      <Filter>소스 파일</Filter>
    </ClCompile>
    <ClCompile Include="Baekjoon10814_2_qSortAPI.c">
      <Filter>소스 파일</Filter>
    </ClCompile>
    <ClCompile Include="Baekjoon10814_1_MergeSort.c">
      <Filter>소스 파일</Filter>
    </ClCompile>
    <ClCompile Include="Baekjoon10773.c">
      <Filter>소스 파일</Filter>
    </ClCompile>
    <ClCompile Include="Baekjoon9663_3_N-Queen.c">
      <Filter>소스 파일</Filter>
    </ClCompile>
    <ClCompile Include="Baekjoon9663_2_N-Queen.c">
      <Filter>소스 파일</Filter>
    </ClCompile>
    <ClCompile Include="Baekjoon9663_1_N-Queen.c">
      <Filter>소스 파일</Filter>
    </ClCompile>
    <ClCompile Include="Baekjoon9012.c">
      <Filter>소스 파일</Filter>
    </ClCompile>
    <ClCompile Include="Baekjoon5086.c">
      <Filter>소스 파일</Filter>
    </ClCompile>
    <ClCompile Include="Baekjoon2981.c">
      <Filter>소스 파일</Filter>
    </ClCompile>
    <ClCompile Include="Baekjoon2751_MergeSort.c">
      <Filter>소스 파일</Filter>
    </ClCompile>
    <ClCompile Include="Baekjoon2751_IntervalSort.c">
      <Filter>소스 파일</Filter>
    </ClCompile>
    <ClCompile Include="Baekjoon2609.c">
      <Filter>소스 파일</Filter>
    </ClCompile>
    <ClCompile Include="Baekjoon2580.c">
      <Filter>소스 파일</Filter>
    </ClCompile>
    <ClCompile Include="Baekjoon2108.c">
      <Filter>소스 파일</Filter>
    </ClCompile>
    <ClCompile Include="Baekjoon1934.c">
      <Filter>소스 파일</Filter>
    </ClCompile>
    <ClCompile Include="Baekjoon24060.c">
      <Filter>소스 파일</Filter>
    </ClCompile>
    <ClCompile Include="DijkstraShortestPath.c">
      <Filter>소스 파일</Filter>
    </ClCompile>
    <ClCompile Include="Baekjoon11279.c">
      <Filter>소스 파일</Filter>
    </ClCompile>
    <ClCompile Include="Baekjoon1927.c">
      <Filter>소스 파일</Filter>
    </ClCompile>
    <ClCompile Include="Baekjoon11286.c">
      <Filter>소스 파일</Filter>
    </ClCompile>
    <ClCompile Include="Baekjoon10815.c">
      <Filter>소스 파일</Filter>
    </ClCompile>
    <ClCompile Include="Baekjoon24416.c">
      <Filter>소스 파일</Filter>
    </ClCompile>
    <ClCompile Include="Baekjoon9184_TopDown.c">
      <Filter>소스 파일</Filter>
    </ClCompile>
    <ClCompile Include="Baekjoon9184_BottomUp.c">
      <Filter>소스 파일</Filter>
    </ClCompile>
    <ClCompile Include="Baekjoon1620.c">
      <Filter>소스 파일</Filter>
    </ClCompile>
    <ClCompile Include="Baekjoon10816.c">
      <Filter>소스 파일</Filter>
    </ClCompile>
    <ClCompile Include="Baekjoon1764.c">
      <Filter>소스 파일</Filter>
    </ClCompile>
    <ClCompile Include="Baekjoon9461.c">
      <Filter>소스 파일</Filter>
    </ClCompile>
    <ClCompile Include="Baekjoon1269.c">
      <Filter>소스 파일</Filter>
    </ClCompile>
    <ClCompile Include="Baekjoon11478.c">
      <Filter>소스 파일</Filter>
    </ClCompile>
    <ClCompile Include="Baekjoon1655.c">
      <Filter>소스 파일</Filter>
    </ClCompile>
    <ClCompile Include="Baekjoon1912.c">
      <Filter>소스 파일</Filter>
    </ClCompile>
    <ClCompile Include="Baekjoon1149.c">
      <Filter>소스 파일</Filter>
    </ClCompile>
    <ClCompile Include="Baekjoon1932.c">
      <Filter>소스 파일</Filter>
    </ClCompile>
    <ClCompile Include="Baekjoon25304.c">
      <Filter>소스 파일</Filter>
    </ClCompile>
    <ClCompile Include="Baekjoon25305.c">
      <Filter>소스 파일</Filter>
    </ClCompile>
    <ClCompile Include="ConvertDecimalHexaDecimal.c">
      <Filter>소스 파일</Filter>
    </ClCompile>
    <ClCompile Include="Baekjoon1541.c">
      <Filter>소스 파일</Filter>
    </ClCompile>
    <ClCompile Include="Baekjoon1931.c">
      <Filter>소스 파일</Filter>
    </ClCompile>
    <ClCompile Include="Baekjoon14500_1.c">
      <Filter>소스 파일</Filter>
    </ClCompile>
    <ClCompile Include="Baekjoon14500_2.c">
      <Filter>소스 파일</Filter>
    </ClCompile>
    <ClCompile Include="Baekjoon1436_1.c">
      <Filter>소스 파일</Filter>
    </ClCompile>
    <ClCompile Include="Baekjoon1436_2.c">
      <Filter>소스 파일</Filter>
    </ClCompile>
    <ClCompile Include="Baekjoon1018.c">
      <Filter>소스 파일</Filter>
    </ClCompile>
    <ClCompile Include="Baekjoon2178_bfs.c">
      <Filter>소스 파일</Filter>
    </ClCompile>
    <ClCompile Include="Baekjoon2178_dfs.c">
      <Filter>소스 파일</Filter>
    </ClCompile>
    <ClCompile Include="Baekjoon1182_dfs.c">
      <Filter>소스 파일</Filter>
    </ClCompile>
    <ClCompile Include="Baekjoon1182_bt.c">
      <Filter>소스 파일</Filter>
    </ClCompile>
    <ClCompile Include="Baekjoon9375.c">
      <Filter>소스 파일</Filter>
    </ClCompile>
    <ClCompile Include="CodeForce1426.cpp">
      <Filter>소스 파일</Filter>
    </ClCompile>
    <ClCompile Include="CodeForce1294_2.c">
      <Filter>소스 파일</Filter>
    </ClCompile>
    <ClCompile Include="CodeForce1294_1.cpp">
      <Filter>소스 파일</Filter>
    </ClCompile>
    <ClCompile Include="Baekjoon2156_1.c">
      <Filter>소스 파일</Filter>
    </ClCompile>
    <ClCompile Include="Baekjoon11053.c">
      <Filter>소스 파일</Filter>
    </ClCompile>
    <ClCompile Include="Baekjoon2156_2.c">
      <Filter>소스 파일</Filter>
    </ClCompile>
    <ClCompile Include="Baekjoon2293.c">
      <Filter>소스 파일</Filter>
    </ClCompile>
    <ClCompile Include="Baekjoon1920.c">
      <Filter>소스 파일</Filter>
    </ClCompile>
    <ClCompile Include="Baekjoon1654.c">
      <Filter>소스 파일</Filter>
    </ClCompile>
    <ClCompile Include="Baekjoon3020_bs.c">
      <Filter>소스 파일</Filter>
    </ClCompile>
    <ClCompile Include="Baekjoon3020.c">
      <Filter>소스 파일</Filter>
    </ClCompile>
    <ClCompile Include="Baekjoon1107.c">
      <Filter>소스 파일</Filter>
    </ClCompile>
    <ClCompile Include="Baekjoon1083.c">
      <Filter>소스 파일</Filter>
    </ClCompile>
    <ClCompile Include="Baekjoon1520.c">
      <Filter>소스 파일</Filter>
    </ClCompile>
    <ClCompile Include="Baekjoon10844.c">
      <Filter>소스 파일</Filter>
    </ClCompile>
    <ClCompile Include="Baekjoon17406.c">
      <Filter>소스 파일</Filter>
    </ClCompile>
    <ClCompile Include="Baekjoon2234.c">
      <Filter>소스 파일</Filter>
    </ClCompile>
    <ClCompile Include="Baekjoon2531.c">
      <Filter>소스 파일</Filter>
    </ClCompile>
    <ClCompile Include="Baekjoon20006.c">
      <Filter>소스 파일</Filter>
    </ClCompile>
    <ClCompile Include="Baekjoon16139.cpp">
      <Filter>소스 파일</Filter>
    </ClCompile>
    <ClCompile Include="Baekjoon1707.cpp">
      <Filter>소스 파일</Filter>
    </ClCompile>
    <ClCompile Include="Baekjoon15829.c">
      <Filter>소스 파일</Filter>
    </ClCompile>
    <ClCompile Include="Baekjoon2206.cpp">
      <Filter>소스 파일</Filter>
    </ClCompile>
    <ClCompile Include="Baekjoon16928.cpp">
      <Filter>소스 파일</Filter>
    </ClCompile>
    <ClCompile Include="Baekjoon.cpp">
      <Filter>소스 파일</Filter>
    </ClCompile>
    <ClCompile Include="Baekjoon4574.c">
      <Filter>소스 파일</Filter>
    </ClCompile>
    <ClCompile Include="Baekjoon12865.c">
      <Filter>소스 파일</Filter>
    </ClCompile>
    <ClCompile Include="Baekjoon9251.c">
      <Filter>소스 파일</Filter>
    </ClCompile>
    <ClCompile Include="Baekjoon2629.c">
      <Filter>소스 파일</Filter>
    </ClCompile>
    <ClCompile Include="Baekjoon11066.c">
      <Filter>소스 파일</Filter>
    </ClCompile>
    <ClCompile Include="Baekjoon10942.c">
      <Filter>소스 파일</Filter>
    </ClCompile>
    <ClCompile Include="Baekjoon1780.c">
      <Filter>소스 파일</Filter>
    </ClCompile>
    <ClCompile Include="Baekjoon10830.c">
      <Filter>소스 파일</Filter>
    </ClCompile>
    <ClCompile Include="Baekjoon.c">
      <Filter>소스 파일</Filter>
    </ClCompile>
  </ItemGroup>
</Project>